// !$*UTF8*$!
{
	archiveVersion = 1;
	classes = {
	};
	objectVersion = 46;
	objects = {

/* Begin PBXBuildFile section */
		D55AC76A165E1846000BC731 /* httptest.c in Sources */ = {isa = PBXBuildFile; fileRef = D55AC769165E1846000BC731 /* httptest.c */; };
		D55AC76B165E1856000BC731 /* libhttpsupport.a in Frameworks */ = {isa = PBXBuildFile; fileRef = D5F2D7D7165BCDB90045BEED /* libhttpsupport.a */; };
		D5A7A981166C9F240022DEA3 /* stringutil.h in Headers */ = {isa = PBXBuildFile; fileRef = D5A7A980166C9F240022DEA3 /* stringutil.h */; };
		D5A7A983166C9F6D0022DEA3 /* stringutil.c in Sources */ = {isa = PBXBuildFile; fileRef = D5A7A982166C9F6D0022DEA3 /* stringutil.c */; };
		D5E153E0166F1E7700CDBBCD /* Foundation.framework in Frameworks */ = {isa = PBXBuildFile; fileRef = D5E153DF166F1E7700CDBBCD /* Foundation.framework */; };
		D5E153E5166F1E7700CDBBCD /* httpsupport_ios.h in CopyFiles */ = {isa = PBXBuildFile; fileRef = D5E153E4166F1E7700CDBBCD /* httpsupport_ios.h */; };
		D5E153E7166F1E7700CDBBCD /* httpsupport_ios.m in Sources */ = {isa = PBXBuildFile; fileRef = D5E153E6166F1E7700CDBBCD /* httpsupport_ios.m */; };
		D5E153EC166F1EA600CDBBCD /* httpheader.c in Sources */ = {isa = PBXBuildFile; fileRef = D5F2D7E2165BCDE80045BEED /* httpheader.c */; };
		D5E153ED166F1EA600CDBBCD /* cookie.c in Sources */ = {isa = PBXBuildFile; fileRef = D5E4EAC7165BDBBE0051790B /* cookie.c */; };
		D5E153EE166F1EA600CDBBCD /* keypair.c in Sources */ = {isa = PBXBuildFile; fileRef = D5ECFAD416661C1500633FD8 /* keypair.c */; };
		D5E153EF166F1EA600CDBBCD /* stringutil.c in Sources */ = {isa = PBXBuildFile; fileRef = D5A7A982166C9F6D0022DEA3 /* stringutil.c */; };
		D5E4EAC5165BDBA70051790B /* cookie.h in Headers */ = {isa = PBXBuildFile; fileRef = D5E4EAC4165BDBA70051790B /* cookie.h */; };
		D5E4EAC8165BDBBE0051790B /* cookie.c in Sources */ = {isa = PBXBuildFile; fileRef = D5E4EAC7165BDBBE0051790B /* cookie.c */; };
		D5ECFAD216661BFC00633FD8 /* keypair.h in Headers */ = {isa = PBXBuildFile; fileRef = D5ECFAD116661BFC00633FD8 /* keypair.h */; };
		D5ECFAD516661C1500633FD8 /* keypair.c in Sources */ = {isa = PBXBuildFile; fileRef = D5ECFAD416661C1500633FD8 /* keypair.c */; };
		D5F2D7E1165BCDDA0045BEED /* httpheader.h in Headers */ = {isa = PBXBuildFile; fileRef = D5F2D7E0165BCDDA0045BEED /* httpheader.h */; };
		D5F2D7E3165BCDE80045BEED /* httpheader.c in Sources */ = {isa = PBXBuildFile; fileRef = D5F2D7E2165BCDE80045BEED /* httpheader.c */; };
/* End PBXBuildFile section */

/* Begin PBXContainerItemProxy section */
		D55AC76C165E185C000BC731 /* PBXContainerItemProxy */ = {
			isa = PBXContainerItemProxy;
			containerPortal = D5F2D7CE165BCDB90045BEED /* Project object */;
			proxyType = 1;
			remoteGlobalIDString = D5F2D7D6165BCDB90045BEED;
			remoteInfo = httpsupport;
		};
/* End PBXContainerItemProxy section */

/* Begin PBXCopyFilesBuildPhase section */
		D55AC75C165E1819000BC731 /* CopyFiles */ = {
			isa = PBXCopyFilesBuildPhase;
			buildActionMask = 2147483647;
			dstPath = /usr/share/man/man1/;
			dstSubfolderSpec = 0;
			files = (
			);
			runOnlyForDeploymentPostprocessing = 1;
		};
		D5E153DB166F1E7700CDBBCD /* CopyFiles */ = {
			isa = PBXCopyFilesBuildPhase;
			buildActionMask = 2147483647;
			dstPath = "include/${PRODUCT_NAME}";
			dstSubfolderSpec = 16;
			files = (
				D5E153E5166F1E7700CDBBCD /* httpsupport_ios.h in CopyFiles */,
			);
			runOnlyForDeploymentPostprocessing = 0;
		};
/* End PBXCopyFilesBuildPhase section */

/* Begin PBXFileReference section */
		D55AC75E165E1819000BC731 /* httptest */ = {isa = PBXFileReference; explicitFileType = "compiled.mach-o.executable"; includeInIndex = 0; path = httptest; sourceTree = BUILT_PRODUCTS_DIR; };
		D55AC769165E1846000BC731 /* httptest.c */ = {isa = PBXFileReference; fileEncoding = 4; lastKnownFileType = sourcecode.c.c; name = httptest.c; path = ../../test/httptest.c; sourceTree = "<group>"; };
		D55AC76F165E1958000BC731 /* testdefine.h */ = {isa = PBXFileReference; fileEncoding = 4; lastKnownFileType = sourcecode.c.h; name = testdefine.h; path = ../../test/testdefine.h; sourceTree = "<group>"; };
		D5A7A980166C9F240022DEA3 /* stringutil.h */ = {isa = PBXFileReference; fileEncoding = 4; lastKnownFileType = sourcecode.c.h; name = stringutil.h; path = ../../include/stringutil.h; sourceTree = "<group>"; };
		D5A7A982166C9F6D0022DEA3 /* stringutil.c */ = {isa = PBXFileReference; fileEncoding = 4; lastKnownFileType = sourcecode.c.c; name = stringutil.c; path = ../../src/stringutil.c; sourceTree = "<group>"; };
		D5E153DD166F1E7700CDBBCD /* libhttpsupport-ios.a */ = {isa = PBXFileReference; explicitFileType = archive.ar; includeInIndex = 0; path = "libhttpsupport-ios.a"; sourceTree = BUILT_PRODUCTS_DIR; };
		D5E153DF166F1E7700CDBBCD /* Foundation.framework */ = {isa = PBXFileReference; lastKnownFileType = wrapper.framework; name = Foundation.framework; path = System/Library/Frameworks/Foundation.framework; sourceTree = SDKROOT; };
		D5E153E3166F1E7700CDBBCD /* httpsupport-ios-Prefix.pch */ = {isa = PBXFileReference; lastKnownFileType = sourcecode.c.h; path = "httpsupport-ios-Prefix.pch"; sourceTree = "<group>"; };
		D5E153E4166F1E7700CDBBCD /* httpsupport_ios.h */ = {isa = PBXFileReference; lastKnownFileType = sourcecode.c.h; path = httpsupport_ios.h; sourceTree = "<group>"; };
		D5E153E6166F1E7700CDBBCD /* httpsupport_ios.m */ = {isa = PBXFileReference; lastKnownFileType = sourcecode.c.objc; path = httpsupport_ios.m; sourceTree = "<group>"; };
		D5E4EAC4165BDBA70051790B /* cookie.h */ = {isa = PBXFileReference; fileEncoding = 4; lastKnownFileType = sourcecode.c.h; name = cookie.h; path = ../../include/cookie.h; sourceTree = "<group>"; };
		D5E4EAC7165BDBBE0051790B /* cookie.c */ = {isa = PBXFileReference; fileEncoding = 4; lastKnownFileType = sourcecode.c.c; name = cookie.c; path = ../../src/cookie.c; sourceTree = "<group>"; };
		D5ECFAD116661BFC00633FD8 /* keypair.h */ = {isa = PBXFileReference; fileEncoding = 4; lastKnownFileType = sourcecode.c.h; name = keypair.h; path = ../../include/keypair.h; sourceTree = "<group>"; };
		D5ECFAD416661C1500633FD8 /* keypair.c */ = {isa = PBXFileReference; fileEncoding = 4; lastKnownFileType = sourcecode.c.c; name = keypair.c; path = ../../src/keypair.c; sourceTree = "<group>"; };
		D5F2D7D7165BCDB90045BEED /* libhttpsupport.a */ = {isa = PBXFileReference; explicitFileType = archive.ar; includeInIndex = 0; path = libhttpsupport.a; sourceTree = BUILT_PRODUCTS_DIR; };
		D5F2D7E0165BCDDA0045BEED /* httpheader.h */ = {isa = PBXFileReference; fileEncoding = 4; lastKnownFileType = sourcecode.c.h; name = httpheader.h; path = ../../include/httpheader.h; sourceTree = "<group>"; };
		D5F2D7E2165BCDE80045BEED /* httpheader.c */ = {isa = PBXFileReference; fileEncoding = 4; lastKnownFileType = sourcecode.c.c; name = httpheader.c; path = ../../src/httpheader.c; sourceTree = "<group>"; };
/* End PBXFileReference section */

/* Begin PBXFrameworksBuildPhase section */
		D55AC75B165E1819000BC731 /* Frameworks */ = {
			isa = PBXFrameworksBuildPhase;
			buildActionMask = 2147483647;
			files = (
				D55AC76B165E1856000BC731 /* libhttpsupport.a in Frameworks */,
			);
			runOnlyForDeploymentPostprocessing = 0;
		};
		D5E153DA166F1E7700CDBBCD /* Frameworks */ = {
			isa = PBXFrameworksBuildPhase;
			buildActionMask = 2147483647;
			files = (
				D5E153E0166F1E7700CDBBCD /* Foundation.framework in Frameworks */,
			);
			runOnlyForDeploymentPostprocessing = 0;
		};
		D5F2D7D4165BCDB90045BEED /* Frameworks */ = {
			isa = PBXFrameworksBuildPhase;
			buildActionMask = 2147483647;
			files = (
			);
			runOnlyForDeploymentPostprocessing = 0;
		};
/* End PBXFrameworksBuildPhase section */

/* Begin PBXGroup section */
		D55AC768165E182C000BC731 /* test */ = {
			isa = PBXGroup;
			children = (
				D55AC76F165E1958000BC731 /* testdefine.h */,
				D55AC769165E1846000BC731 /* httptest.c */,
			);
			name = test;
			sourceTree = "<group>";
		};
		D5E153DE166F1E7700CDBBCD /* Frameworks */ = {
			isa = PBXGroup;
			children = (
				D5E153DF166F1E7700CDBBCD /* Foundation.framework */,
			);
			name = Frameworks;
			sourceTree = "<group>";
		};
		D5E153E1166F1E7700CDBBCD /* httpsupport-ios */ = {
			isa = PBXGroup;
			children = (
				D5E153E4166F1E7700CDBBCD /* httpsupport_ios.h */,
				D5E153E6166F1E7700CDBBCD /* httpsupport_ios.m */,
				D5E153E2166F1E7700CDBBCD /* Supporting Files */,
			);
			path = "httpsupport-ios";
			sourceTree = "<group>";
		};
		D5E153E2166F1E7700CDBBCD /* Supporting Files */ = {
			isa = PBXGroup;
			children = (
				D5E153E3166F1E7700CDBBCD /* httpsupport-ios-Prefix.pch */,
			);
			name = "Supporting Files";
			sourceTree = "<group>";
		};
		D5F2D7CC165BCDB90045BEED = {
			isa = PBXGroup;
			children = (
				D55AC768165E182C000BC731 /* test */,
				D5F2D7DF165BCDC70045BEED /* include */,
				D5F2D7DE165BCDC10045BEED /* src */,
				D5E153E1166F1E7700CDBBCD /* httpsupport-ios */,
				D5E153DE166F1E7700CDBBCD /* Frameworks */,
				D5F2D7D8165BCDB90045BEED /* Products */,
			);
			sourceTree = "<group>";
		};
		D5F2D7D8165BCDB90045BEED /* Products */ = {
			isa = PBXGroup;
			children = (
				D5F2D7D7165BCDB90045BEED /* libhttpsupport.a */,
				D55AC75E165E1819000BC731 /* httptest */,
				D5E153DD166F1E7700CDBBCD /* libhttpsupport-ios.a */,
			);
			name = Products;
			sourceTree = "<group>";
		};
		D5F2D7DE165BCDC10045BEED /* src */ = {
			isa = PBXGroup;
			children = (
				D5F2D7E2165BCDE80045BEED /* httpheader.c */,
				D5E4EAC7165BDBBE0051790B /* cookie.c */,
				D5ECFAD416661C1500633FD8 /* keypair.c */,
				D5A7A982166C9F6D0022DEA3 /* stringutil.c */,
			);
			name = src;
			sourceTree = "<group>";
		};
		D5F2D7DF165BCDC70045BEED /* include */ = {
			isa = PBXGroup;
			children = (
				D5F2D7E0165BCDDA0045BEED /* httpheader.h */,
				D5E4EAC4165BDBA70051790B /* cookie.h */,
				D5ECFAD116661BFC00633FD8 /* keypair.h */,
				D5A7A980166C9F240022DEA3 /* stringutil.h */,
			);
			name = include;
			sourceTree = "<group>";
		};
/* End PBXGroup section */

/* Begin PBXHeadersBuildPhase section */
		D5F2D7D5165BCDB90045BEED /* Headers */ = {
			isa = PBXHeadersBuildPhase;
			buildActionMask = 2147483647;
			files = (
				D5F2D7E1165BCDDA0045BEED /* httpheader.h in Headers */,
				D5E4EAC5165BDBA70051790B /* cookie.h in Headers */,
				D5ECFAD216661BFC00633FD8 /* keypair.h in Headers */,
				D5A7A981166C9F240022DEA3 /* stringutil.h in Headers */,
			);
			runOnlyForDeploymentPostprocessing = 0;
		};
/* End PBXHeadersBuildPhase section */

/* Begin PBXNativeTarget section */
		D55AC75D165E1819000BC731 /* httptest */ = {
			isa = PBXNativeTarget;
			buildConfigurationList = D55AC765165E1819000BC731 /* Build configuration list for PBXNativeTarget "httptest" */;
			buildPhases = (
				D55AC75A165E1819000BC731 /* Sources */,
				D55AC75B165E1819000BC731 /* Frameworks */,
				D55AC75C165E1819000BC731 /* CopyFiles */,
			);
			buildRules = (
			);
			dependencies = (
				D55AC76D165E185C000BC731 /* PBXTargetDependency */,
			);
			name = httptest;
			productName = httptest;
			productReference = D55AC75E165E1819000BC731 /* httptest */;
			productType = "com.apple.product-type.tool";
		};
		D5E153DC166F1E7700CDBBCD /* httpsupport-ios */ = {
			isa = PBXNativeTarget;
			buildConfigurationList = D5E153EA166F1E7700CDBBCD /* Build configuration list for PBXNativeTarget "httpsupport-ios" */;
			buildPhases = (
				D5E153D9166F1E7700CDBBCD /* Sources */,
				D5E153DA166F1E7700CDBBCD /* Frameworks */,
				D5E153DB166F1E7700CDBBCD /* CopyFiles */,
			);
			buildRules = (
			);
			dependencies = (
			);
			name = "httpsupport-ios";
			productName = "httpsupport-ios";
			productReference = D5E153DD166F1E7700CDBBCD /* libhttpsupport-ios.a */;
			productType = "com.apple.product-type.library.static";
		};
		D5F2D7D6165BCDB90045BEED /* httpsupport */ = {
			isa = PBXNativeTarget;
			buildConfigurationList = D5F2D7DB165BCDB90045BEED /* Build configuration list for PBXNativeTarget "httpsupport" */;
			buildPhases = (
				D5F2D7D3165BCDB90045BEED /* Sources */,
				D5F2D7D4165BCDB90045BEED /* Frameworks */,
				D5F2D7D5165BCDB90045BEED /* Headers */,
			);
			buildRules = (
			);
			dependencies = (
			);
			name = httpsupport;
			productName = httpsupport;
			productReference = D5F2D7D7165BCDB90045BEED /* libhttpsupport.a */;
			productType = "com.apple.product-type.library.static";
		};
/* End PBXNativeTarget section */

/* Begin PBXProject section */
		D5F2D7CE165BCDB90045BEED /* Project object */ = {
			isa = PBXProject;
			attributes = {
				LastUpgradeCheck = 0450;
				ORGANIZATIONNAME = vhly;
			};
			buildConfigurationList = D5F2D7D1165BCDB90045BEED /* Build configuration list for PBXProject "httpsupport" */;
			compatibilityVersion = "Xcode 3.2";
			developmentRegion = English;
			hasScannedForEncodings = 0;
			knownRegions = (
				en,
			);
			mainGroup = D5F2D7CC165BCDB90045BEED;
			productRefGroup = D5F2D7D8165BCDB90045BEED /* Products */;
			projectDirPath = "";
			projectRoot = "";
			targets = (
				D5F2D7D6165BCDB90045BEED /* httpsupport */,
				D55AC75D165E1819000BC731 /* httptest */,
				D5E153DC166F1E7700CDBBCD /* httpsupport-ios */,
			);
		};
/* End PBXProject section */

/* Begin PBXSourcesBuildPhase section */
		D55AC75A165E1819000BC731 /* Sources */ = {
			isa = PBXSourcesBuildPhase;
			buildActionMask = 2147483647;
			files = (
				D55AC76A165E1846000BC731 /* httptest.c in Sources */,
			);
			runOnlyForDeploymentPostprocessing = 0;
		};
		D5E153D9166F1E7700CDBBCD /* Sources */ = {
			isa = PBXSourcesBuildPhase;
			buildActionMask = 2147483647;
			files = (
				D5E153EC166F1EA600CDBBCD /* httpheader.c in Sources */,
				D5E153ED166F1EA600CDBBCD /* cookie.c in Sources */,
				D5E153EE166F1EA600CDBBCD /* keypair.c in Sources */,
				D5E153EF166F1EA600CDBBCD /* stringutil.c in Sources */,
				D5E153E7166F1E7700CDBBCD /* httpsupport_ios.m in Sources */,
			);
			runOnlyForDeploymentPostprocessing = 0;
		};
		D5F2D7D3165BCDB90045BEED /* Sources */ = {
			isa = PBXSourcesBuildPhase;
			buildActionMask = 2147483647;
			files = (
				D5F2D7E3165BCDE80045BEED /* httpheader.c in Sources */,
				D5E4EAC8165BDBBE0051790B /* cookie.c in Sources */,
				D5ECFAD516661C1500633FD8 /* keypair.c in Sources */,
				D5A7A983166C9F6D0022DEA3 /* stringutil.c in Sources */,
			);
			runOnlyForDeploymentPostprocessing = 0;
		};
/* End PBXSourcesBuildPhase section */

/* Begin PBXTargetDependency section */
		D55AC76D165E185C000BC731 /* PBXTargetDependency */ = {
			isa = PBXTargetDependency;
			target = D5F2D7D6165BCDB90045BEED /* httpsupport */;
			targetProxy = D55AC76C165E185C000BC731 /* PBXContainerItemProxy */;
		};
/* End PBXTargetDependency section */

/* Begin XCBuildConfiguration section */
		D55AC766165E1819000BC731 /* Debug */ = {
			isa = XCBuildConfiguration;
			buildSettings = {
				PRODUCT_NAME = "$(TARGET_NAME)";
			};
			name = Debug;
		};
		D55AC767165E1819000BC731 /* Release */ = {
			isa = XCBuildConfiguration;
			buildSettings = {
				PRODUCT_NAME = "$(TARGET_NAME)";
			};
			name = Release;
		};
		D5E153E8166F1E7700CDBBCD /* Debug */ = {
			isa = XCBuildConfiguration;
			buildSettings = {
				ARCHS = "$(ARCHS_STANDARD_32_BIT)";
				DSTROOT = /tmp/httpsupport_ios.dst;
				GCC_PRECOMPILE_PREFIX_HEADER = YES;
				GCC_PREFIX_HEADER = "httpsupport-ios/httpsupport-ios-Prefix.pch";
				IPHONEOS_DEPLOYMENT_TARGET = 6.0;
				OTHER_LDFLAGS = "-ObjC";
				PRODUCT_NAME = "$(TARGET_NAME)";
				SDKROOT = iphoneos;
				SKIP_INSTALL = YES;
			};
			name = Debug;
		};
		D5E153E9166F1E7700CDBBCD /* Release */ = {
			isa = XCBuildConfiguration;
			buildSettings = {
				ARCHS = "$(ARCHS_STANDARD_32_BIT)";
				DSTROOT = /tmp/httpsupport_ios.dst;
				GCC_PRECOMPILE_PREFIX_HEADER = YES;
				GCC_PREFIX_HEADER = "httpsupport-ios/httpsupport-ios-Prefix.pch";
				IPHONEOS_DEPLOYMENT_TARGET = 6.0;
				OTHER_LDFLAGS = "-ObjC";
				PRODUCT_NAME = "$(TARGET_NAME)";
				SDKROOT = iphoneos;
				SKIP_INSTALL = YES;
				VALIDATE_PRODUCT = YES;
			};
			name = Release;
		};
		D5F2D7D9165BCDB90045BEED /* Debug */ = {
			isa = XCBuildConfiguration;
			buildSettings = {
				ALWAYS_SEARCH_USER_PATHS = NO;
				ARCHS = "$(ARCHS_STANDARD_64_BIT)";
				CLANG_CXX_LANGUAGE_STANDARD = "gnu++0x";
				CLANG_CXX_LIBRARY = "libc++";
				CLANG_WARN_EMPTY_BODY = YES;
				CLANG_WARN__DUPLICATE_METHOD_MATCH = YES;
				COPY_PHASE_STRIP = NO;
				GCC_C_LANGUAGE_STANDARD = gnu99;
				GCC_DYNAMIC_NO_PIC = NO;
				GCC_ENABLE_OBJC_EXCEPTIONS = YES;
				GCC_OPTIMIZATION_LEVEL = 0;
				GCC_PREPROCESSOR_DEFINITIONS = (
					"DEBUG=1",
					"$(inherited)",
				);
				GCC_SYMBOLS_PRIVATE_EXTERN = NO;
				GCC_WARN_64_TO_32_BIT_CONVERSION = YES;
				GCC_WARN_ABOUT_RETURN_TYPE = YES;
				GCC_WARN_UNINITIALIZED_AUTOS = YES;
				GCC_WARN_UNUSED_VARIABLE = YES;
				MACOSX_DEPLOYMENT_TARGET = 10.7;
				ONLY_ACTIVE_ARCH = YES;
				SDKROOT = macosx;
			};
			name = Debug;
		};
		D5F2D7DA165BCDB90045BEED /* Release */ = {
			isa = XCBuildConfiguration;
			buildSettings = {
				ALWAYS_SEARCH_USER_PATHS = NO;
				ARCHS = "$(ARCHS_STANDARD_64_BIT)";
				CLANG_CXX_LANGUAGE_STANDARD = "gnu++0x";
				CLANG_CXX_LIBRARY = "libc++";
				CLANG_WARN_EMPTY_BODY = YES;
				CLANG_WARN__DUPLICATE_METHOD_MATCH = YES;
				COPY_PHASE_STRIP = YES;
				DEBUG_INFORMATION_FORMAT = "dwarf-with-dsym";
				GCC_C_LANGUAGE_STANDARD = gnu99;
				GCC_ENABLE_OBJC_EXCEPTIONS = YES;
				GCC_WARN_64_TO_32_BIT_CONVERSION = YES;
				GCC_WARN_ABOUT_RETURN_TYPE = YES;
				GCC_WARN_UNINITIALIZED_AUTOS = YES;
				GCC_WARN_UNUSED_VARIABLE = YES;
				MACOSX_DEPLOYMENT_TARGET = 10.7;
				SDKROOT = macosx;
			};
			name = Release;
		};
		D5F2D7DC165BCDB90045BEED /* Debug */ = {
			isa = XCBuildConfiguration;
			buildSettings = {
				EXECUTABLE_PREFIX = lib;
				PRODUCT_NAME = "$(TARGET_NAME)";
			};
			name = Debug;
		};
		D5F2D7DD165BCDB90045BEED /* Release */ = {
			isa = XCBuildConfiguration;
			buildSettings = {
				EXECUTABLE_PREFIX = lib;
				PRODUCT_NAME = "$(TARGET_NAME)";
			};
			name = Release;
		};
/* End XCBuildConfiguration section */

/* Begin XCConfigurationList section */
		D55AC765165E1819000BC731 /* Build configuration list for PBXNativeTarget "httptest" */ = {
			isa = XCConfigurationList;
			buildConfigurations = (
				D55AC766165E1819000BC731 /* Debug */,
				D55AC767165E1819000BC731 /* Release */,
			);
			defaultConfigurationIsVisible = 0;
			defaultConfigurationName = Release;
		};
		D5E153EA166F1E7700CDBBCD /* Build configuration list for PBXNativeTarget "httpsupport-ios" */ = {
			isa = XCConfigurationList;
			buildConfigurations = (
				D5E153E8166F1E7700CDBBCD /* Debug */,
				D5E153E9166F1E7700CDBBCD /* Release */,
			);
			defaultConfigurationIsVisible = 0;
		};
		D5F2D7D1165BCDB90045BEED /* Build configuration list for PBXProject "httpsupport" */ = {
			isa = XCConfigurationList;
			buildConfigurations = (
				D5F2D7D9165BCDB90045BEED /* Debug */,
				D5F2D7DA165BCDB90045BEED /* Release */,
			);
			defaultConfigurationIsVisible = 0;
			defaultConfigurationName = Release;
		};
		D5F2D7DB165BCDB90045BEED /* Build configuration list for PBXNativeTarget "httpsupport" */ = {
			isa = XCConfigurationList;
			buildConfigurations = (
				D5F2D7DC165BCDB90045BEED /* Debug */,
				D5F2D7DD165BCDB90045BEED /* Release */,
			);
			defaultConfigurationIsVisible = 0;
			defaultConfigurationName = Release;
		};
/* End XCConfigurationList section */
	};
	rootObject = D5F2D7CE165BCDB90045BEED /* Project object */;
}
