// !$*UTF8*$!
{
	archiveVersion = 1;
	classes = {
	};
	objectVersion = 46;
	objects = {

/* Begin PBXBuildFile section */
		D507A8AD1659E8700015B8B7 /* stack.c in Sources */ = {isa = PBXBuildFile; fileRef = D507A8AC1659E8700015B8B7 /* stack.c */; };
		D507A8AF1659E87A0015B8B7 /* stack.h in Headers */ = {isa = PBXBuildFile; fileRef = D507A8AE1659E87A0015B8B7 /* stack.h */; };
		D524D3E3165A09D9007E9572 /* dom4c.c in Sources */ = {isa = PBXBuildFile; fileRef = D524D3E2165A09D9007E9572 /* dom4c.c */; };
		D524D3E6165A09E3007E9572 /* dom4c.h in Headers */ = {isa = PBXBuildFile; fileRef = D524D3E5165A09E3007E9572 /* dom4c.h */; };
		D5A6136D1696D6D9005FBF09 /* Foundation.framework in Frameworks */ = {isa = PBXBuildFile; fileRef = D5A6136C1696D6D9005FBF09 /* Foundation.framework */; };
		D5A613721696D6D9005FBF09 /* dom4c_ios.h in CopyFiles */ = {isa = PBXBuildFile; fileRef = D5A613711696D6D9005FBF09 /* dom4c_ios.h */; };
		D5A613741696D6D9005FBF09 /* dom4c_ios.m in Sources */ = {isa = PBXBuildFile; fileRef = D5A613731696D6D9005FBF09 /* dom4c_ios.m */; };
		D5A615411696D9FB005FBF09 /* expat_config.h in Headers */ = {isa = PBXBuildFile; fileRef = D5A614DA1696D9FB005FBF09 /* expat_config.h */; };
		D5A615421696D9FB005FBF09 /* amigaconfig.h in Headers */ = {isa = PBXBuildFile; fileRef = D5A614DE1696D9FB005FBF09 /* amigaconfig.h */; };
		D5A615431696D9FB005FBF09 /* ascii.h in Headers */ = {isa = PBXBuildFile; fileRef = D5A614DF1696D9FB005FBF09 /* ascii.h */; };
		D5A615441696D9FB005FBF09 /* asciitab.h in Headers */ = {isa = PBXBuildFile; fileRef = D5A614E01696D9FB005FBF09 /* asciitab.h */; };
		D5A615451696D9FB005FBF09 /* expat.h in Headers */ = {isa = PBXBuildFile; fileRef = D5A614E21696D9FB005FBF09 /* expat.h */; };
		D5A615461696D9FB005FBF09 /* expat_external.h in Headers */ = {isa = PBXBuildFile; fileRef = D5A614E31696D9FB005FBF09 /* expat_external.h */; };
		D5A615471696D9FB005FBF09 /* iasciitab.h in Headers */ = {isa = PBXBuildFile; fileRef = D5A614E71696D9FB005FBF09 /* iasciitab.h */; };
		D5A615481696D9FB005FBF09 /* internal.h in Headers */ = {isa = PBXBuildFile; fileRef = D5A614E81696D9FB005FBF09 /* internal.h */; };
		D5A615491696D9FB005FBF09 /* latin1tab.h in Headers */ = {isa = PBXBuildFile; fileRef = D5A614E91696D9FB005FBF09 /* latin1tab.h */; };
		D5A6154A1696D9FB005FBF09 /* macconfig.h in Headers */ = {isa = PBXBuildFile; fileRef = D5A614EC1696D9FB005FBF09 /* macconfig.h */; };
		D5A6154B1696D9FB005FBF09 /* nametab.h in Headers */ = {isa = PBXBuildFile; fileRef = D5A614EE1696D9FB005FBF09 /* nametab.h */; };
		D5A6154C1696D9FB005FBF09 /* utf8tab.h in Headers */ = {isa = PBXBuildFile; fileRef = D5A614EF1696D9FB005FBF09 /* utf8tab.h */; };
		D5A6154D1696D9FB005FBF09 /* winconfig.h in Headers */ = {isa = PBXBuildFile; fileRef = D5A614F01696D9FB005FBF09 /* winconfig.h */; };
		D5A6154E1696D9FB005FBF09 /* xmlparse.c in Sources */ = {isa = PBXBuildFile; fileRef = D5A614F11696D9FB005FBF09 /* xmlparse.c */; };
		D5A6154F1696D9FB005FBF09 /* xmlrole.c in Sources */ = {isa = PBXBuildFile; fileRef = D5A614F21696D9FB005FBF09 /* xmlrole.c */; };
		D5A615501696D9FB005FBF09 /* xmlrole.h in Headers */ = {isa = PBXBuildFile; fileRef = D5A614F31696D9FB005FBF09 /* xmlrole.h */; };
		D5A615511696D9FB005FBF09 /* xmltok.c in Sources */ = {isa = PBXBuildFile; fileRef = D5A614F41696D9FB005FBF09 /* xmltok.c */; };
		D5A615521696D9FB005FBF09 /* xmltok.h in Headers */ = {isa = PBXBuildFile; fileRef = D5A614F51696D9FB005FBF09 /* xmltok.h */; };
		D5A615531696D9FB005FBF09 /* xmltok_impl.c in Sources */ = {isa = PBXBuildFile; fileRef = D5A614F61696D9FB005FBF09 /* xmltok_impl.c */; };
		D5A615541696D9FB005FBF09 /* xmltok_impl.h in Headers */ = {isa = PBXBuildFile; fileRef = D5A614F71696D9FB005FBF09 /* xmltok_impl.h */; };
		D5A615551696D9FB005FBF09 /* xmltok_ns.c in Sources */ = {isa = PBXBuildFile; fileRef = D5A614F81696D9FB005FBF09 /* xmltok_ns.c */; };
		D5A6155F1696D9FB005FBF09 /* codepage.c in Sources */ = {isa = PBXBuildFile; fileRef = D5A6151B1696D9FB005FBF09 /* codepage.c */; };
		D5A615601696D9FB005FBF09 /* codepage.h in Headers */ = {isa = PBXBuildFile; fileRef = D5A6151C1696D9FB005FBF09 /* codepage.h */; };
		D5A615611696D9FB005FBF09 /* ct.c in Sources */ = {isa = PBXBuildFile; fileRef = D5A6151D1696D9FB005FBF09 /* ct.c */; };
		D5A615621696D9FB005FBF09 /* filemap.h in Headers */ = {isa = PBXBuildFile; fileRef = D5A6151E1696D9FB005FBF09 /* filemap.h */; };
		D5A615631696D9FB005FBF09 /* readfilemap.c in Sources */ = {isa = PBXBuildFile; fileRef = D5A6151F1696D9FB005FBF09 /* readfilemap.c */; };
		D5A615641696D9FB005FBF09 /* unixfilemap.c in Sources */ = {isa = PBXBuildFile; fileRef = D5A615201696D9FB005FBF09 /* unixfilemap.c */; };
		D5A615651696D9FB005FBF09 /* win32filemap.c in Sources */ = {isa = PBXBuildFile; fileRef = D5A615211696D9FB005FBF09 /* win32filemap.c */; };
		D5A615661696D9FB005FBF09 /* xmlfile.c in Sources */ = {isa = PBXBuildFile; fileRef = D5A615221696D9FB005FBF09 /* xmlfile.c */; };
		D5A615671696D9FB005FBF09 /* xmlfile.h in Headers */ = {isa = PBXBuildFile; fileRef = D5A615231696D9FB005FBF09 /* xmlfile.h */; };
		D5A615681696D9FB005FBF09 /* xmlmime.c in Sources */ = {isa = PBXBuildFile; fileRef = D5A615241696D9FB005FBF09 /* xmlmime.c */; };
		D5A615691696D9FB005FBF09 /* xmlmime.h in Headers */ = {isa = PBXBuildFile; fileRef = D5A615251696D9FB005FBF09 /* xmlmime.h */; };
		D5A6156A1696D9FB005FBF09 /* xmltchar.h in Headers */ = {isa = PBXBuildFile; fileRef = D5A615261696D9FB005FBF09 /* xmltchar.h */; };
		D5A6156B1696D9FB005FBF09 /* xmlurl.h in Headers */ = {isa = PBXBuildFile; fileRef = D5A615271696D9FB005FBF09 /* xmlurl.h */; };
		D5A6156C1696D9FB005FBF09 /* xmlwf.c in Sources */ = {isa = PBXBuildFile; fileRef = D5A615281696D9FB005FBF09 /* xmlwf.c */; };
		D5A6156D1696D9FB005FBF09 /* xmlwin32url.cxx in Sources */ = {isa = PBXBuildFile; fileRef = D5A6152A1696D9FB005FBF09 /* xmlwin32url.cxx */; };
		D5DCCB9E165C7E3E00C027A4 /* domtest.c in Sources */ = {isa = PBXBuildFile; fileRef = D5DCCB9D165C7E3E00C027A4 /* domtest.c */; };
		D5DCCB9F165C7EA700C027A4 /* libdom4c.a in Frameworks */ = {isa = PBXBuildFile; fileRef = D507A89B1659E6E30015B8B7 /* libdom4c.a */; };
/* End PBXBuildFile section */

/* Begin PBXContainerItemProxy section */
		D5DCCBA0165C7EAF00C027A4 /* PBXContainerItemProxy */ = {
			isa = PBXContainerItemProxy;
			containerPortal = D507A8921659E6E20015B8B7 /* Project object */;
			proxyType = 1;
			remoteGlobalIDString = D507A89A1659E6E20015B8B7;
			remoteInfo = dom4c;
		};
/* End PBXContainerItemProxy section */

/* Begin PBXCopyFilesBuildPhase section */
		D5A613681696D6D9005FBF09 /* CopyFiles */ = {
			isa = PBXCopyFilesBuildPhase;
			buildActionMask = 2147483647;
			dstPath = "include/${PRODUCT_NAME}";
			dstSubfolderSpec = 16;
			files = (
				D5A613721696D6D9005FBF09 /* dom4c_ios.h in CopyFiles */,
			);
			runOnlyForDeploymentPostprocessing = 0;
		};
		D5DCCB91165C7E1900C027A4 /* CopyFiles */ = {
			isa = PBXCopyFilesBuildPhase;
			buildActionMask = 2147483647;
			dstPath = /usr/share/man/man1/;
			dstSubfolderSpec = 0;
			files = (
			);
			runOnlyForDeploymentPostprocessing = 1;
		};
/* End PBXCopyFilesBuildPhase section */

/* Begin PBXFileReference section */
		D507A89B1659E6E30015B8B7 /* libdom4c.a */ = {isa = PBXFileReference; explicitFileType = archive.ar; includeInIndex = 0; path = libdom4c.a; sourceTree = BUILT_PRODUCTS_DIR; };
		D507A8AC1659E8700015B8B7 /* stack.c */ = {isa = PBXFileReference; fileEncoding = 4; lastKnownFileType = sourcecode.c.c; name = stack.c; path = ../../src/stack.c; sourceTree = "<group>"; };
		D507A8AE1659E87A0015B8B7 /* stack.h */ = {isa = PBXFileReference; fileEncoding = 4; lastKnownFileType = sourcecode.c.h; name = stack.h; path = ../../include/stack.h; sourceTree = "<group>"; };
		D524D3E2165A09D9007E9572 /* dom4c.c */ = {isa = PBXFileReference; fileEncoding = 4; lastKnownFileType = sourcecode.c.c; name = dom4c.c; path = ../../src/dom4c.c; sourceTree = "<group>"; };
		D524D3E5165A09E3007E9572 /* dom4c.h */ = {isa = PBXFileReference; fileEncoding = 4; lastKnownFileType = sourcecode.c.h; name = dom4c.h; path = ../../include/dom4c.h; sourceTree = "<group>"; };
		D56165F2165D175100EC87A8 /* testdefine.h */ = {isa = PBXFileReference; fileEncoding = 4; lastKnownFileType = sourcecode.c.h; name = testdefine.h; path = ../../test/testdefine.h; sourceTree = "<group>"; };
		D5A6136A1696D6D9005FBF09 /* libdom4c-ios.a */ = {isa = PBXFileReference; explicitFileType = archive.ar; includeInIndex = 0; path = "libdom4c-ios.a"; sourceTree = BUILT_PRODUCTS_DIR; };
		D5A6136C1696D6D9005FBF09 /* Foundation.framework */ = {isa = PBXFileReference; lastKnownFileType = wrapper.framework; name = Foundation.framework; path = System/Library/Frameworks/Foundation.framework; sourceTree = SDKROOT; };
		D5A613701696D6D9005FBF09 /* dom4c-ios-Prefix.pch */ = {isa = PBXFileReference; lastKnownFileType = sourcecode.c.h; path = "dom4c-ios-Prefix.pch"; sourceTree = "<group>"; };
		D5A613711696D6D9005FBF09 /* dom4c_ios.h */ = {isa = PBXFileReference; lastKnownFileType = sourcecode.c.h; path = dom4c_ios.h; sourceTree = "<group>"; };
		D5A613731696D6D9005FBF09 /* dom4c_ios.m */ = {isa = PBXFileReference; lastKnownFileType = sourcecode.c.objc; path = dom4c_ios.m; sourceTree = "<group>"; };
		D5A614B81696D9FB005FBF09 /* Changes */ = {isa = PBXFileReference; fileEncoding = 4; lastKnownFileType = text; path = Changes; sourceTree = "<group>"; };
		D5A614B91696D9FB005FBF09 /* CMake.README */ = {isa = PBXFileReference; fileEncoding = 4; lastKnownFileType = text; path = CMake.README; sourceTree = "<group>"; };
		D5A614BA1696D9FB005FBF09 /* CMakeLists.txt */ = {isa = PBXFileReference; fileEncoding = 4; lastKnownFileType = text; path = CMakeLists.txt; sourceTree = "<group>"; };
		D5A614BF1696D9FB005FBF09 /* ConfigureChecks.cmake */ = {isa = PBXFileReference; fileEncoding = 4; lastKnownFileType = text; path = ConfigureChecks.cmake; sourceTree = "<group>"; };
		D5A614CC1696D9FB005FBF09 /* expat.png */ = {isa = PBXFileReference; lastKnownFileType = image.png; path = expat.png; sourceTree = "<group>"; };
		D5A614CD1696D9FB005FBF09 /* reference.html */ = {isa = PBXFileReference; fileEncoding = 4; lastKnownFileType = text.html; path = reference.html; sourceTree = "<group>"; };
		D5A614CE1696D9FB005FBF09 /* style.css */ = {isa = PBXFileReference; fileEncoding = 4; lastKnownFileType = text.css; path = style.css; sourceTree = "<group>"; };
		D5A614CF1696D9FB005FBF09 /* valid-xhtml10.png */ = {isa = PBXFileReference; lastKnownFileType = image.png; path = "valid-xhtml10.png"; sourceTree = "<group>"; };
		D5A614D01696D9FB005FBF09 /* xmlwf.1 */ = {isa = PBXFileReference; fileEncoding = 4; lastKnownFileType = text.man; path = xmlwf.1; sourceTree = "<group>"; };
		D5A614D11696D9FB005FBF09 /* xmlwf.sgml */ = {isa = PBXFileReference; fileEncoding = 4; lastKnownFileType = text; path = xmlwf.sgml; sourceTree = "<group>"; };
		D5A614DA1696D9FB005FBF09 /* expat_config.h */ = {isa = PBXFileReference; fileEncoding = 4; lastKnownFileType = sourcecode.c.h; path = expat_config.h; sourceTree = "<group>"; };
		D5A614DE1696D9FB005FBF09 /* amigaconfig.h */ = {isa = PBXFileReference; fileEncoding = 4; lastKnownFileType = sourcecode.c.h; path = amigaconfig.h; sourceTree = "<group>"; };
		D5A614DF1696D9FB005FBF09 /* ascii.h */ = {isa = PBXFileReference; fileEncoding = 4; lastKnownFileType = sourcecode.c.h; path = ascii.h; sourceTree = "<group>"; };
		D5A614E01696D9FB005FBF09 /* asciitab.h */ = {isa = PBXFileReference; fileEncoding = 4; lastKnownFileType = sourcecode.c.h; path = asciitab.h; sourceTree = "<group>"; };
		D5A614E11696D9FB005FBF09 /* expat.dsp */ = {isa = PBXFileReference; fileEncoding = 4; lastKnownFileType = text; path = expat.dsp; sourceTree = "<group>"; };
		D5A614E21696D9FB005FBF09 /* expat.h */ = {isa = PBXFileReference; fileEncoding = 4; lastKnownFileType = sourcecode.c.h; path = expat.h; sourceTree = "<group>"; };
		D5A614E31696D9FB005FBF09 /* expat_external.h */ = {isa = PBXFileReference; fileEncoding = 4; lastKnownFileType = sourcecode.c.h; path = expat_external.h; sourceTree = "<group>"; };
		D5A614E41696D9FB005FBF09 /* expat_static.dsp */ = {isa = PBXFileReference; fileEncoding = 4; lastKnownFileType = text; path = expat_static.dsp; sourceTree = "<group>"; };
		D5A614E51696D9FB005FBF09 /* expatw.dsp */ = {isa = PBXFileReference; fileEncoding = 4; lastKnownFileType = text; path = expatw.dsp; sourceTree = "<group>"; };
		D5A614E61696D9FB005FBF09 /* expatw_static.dsp */ = {isa = PBXFileReference; fileEncoding = 4; lastKnownFileType = text; path = expatw_static.dsp; sourceTree = "<group>"; };
		D5A614E71696D9FB005FBF09 /* iasciitab.h */ = {isa = PBXFileReference; fileEncoding = 4; lastKnownFileType = sourcecode.c.h; path = iasciitab.h; sourceTree = "<group>"; };
		D5A614E81696D9FB005FBF09 /* internal.h */ = {isa = PBXFileReference; fileEncoding = 4; lastKnownFileType = sourcecode.c.h; path = internal.h; sourceTree = "<group>"; };
		D5A614E91696D9FB005FBF09 /* latin1tab.h */ = {isa = PBXFileReference; fileEncoding = 4; lastKnownFileType = sourcecode.c.h; path = latin1tab.h; sourceTree = "<group>"; };
		D5A614EA1696D9FB005FBF09 /* libexpat.def */ = {isa = PBXFileReference; fileEncoding = 4; lastKnownFileType = text; path = libexpat.def; sourceTree = "<group>"; };
		D5A614EB1696D9FB005FBF09 /* libexpatw.def */ = {isa = PBXFileReference; fileEncoding = 4; lastKnownFileType = text; path = libexpatw.def; sourceTree = "<group>"; };
		D5A614EC1696D9FB005FBF09 /* macconfig.h */ = {isa = PBXFileReference; fileEncoding = 4; lastKnownFileType = sourcecode.c.h; path = macconfig.h; sourceTree = "<group>"; };
		D5A614ED1696D9FB005FBF09 /* Makefile.MPW */ = {isa = PBXFileReference; fileEncoding = 4; lastKnownFileType = text; path = Makefile.MPW; sourceTree = "<group>"; };
		D5A614EE1696D9FB005FBF09 /* nametab.h */ = {isa = PBXFileReference; fileEncoding = 4; lastKnownFileType = sourcecode.c.h; path = nametab.h; sourceTree = "<group>"; };
		D5A614EF1696D9FB005FBF09 /* utf8tab.h */ = {isa = PBXFileReference; fileEncoding = 4; lastKnownFileType = sourcecode.c.h; path = utf8tab.h; sourceTree = "<group>"; };
		D5A614F01696D9FB005FBF09 /* winconfig.h */ = {isa = PBXFileReference; fileEncoding = 4; lastKnownFileType = sourcecode.c.h; path = winconfig.h; sourceTree = "<group>"; };
		D5A614F11696D9FB005FBF09 /* xmlparse.c */ = {isa = PBXFileReference; fileEncoding = 4; lastKnownFileType = sourcecode.c.c; path = xmlparse.c; sourceTree = "<group>"; };
		D5A614F21696D9FB005FBF09 /* xmlrole.c */ = {isa = PBXFileReference; fileEncoding = 4; lastKnownFileType = sourcecode.c.c; path = xmlrole.c; sourceTree = "<group>"; };
		D5A614F31696D9FB005FBF09 /* xmlrole.h */ = {isa = PBXFileReference; fileEncoding = 4; lastKnownFileType = sourcecode.c.h; path = xmlrole.h; sourceTree = "<group>"; };
		D5A614F41696D9FB005FBF09 /* xmltok.c */ = {isa = PBXFileReference; fileEncoding = 4; lastKnownFileType = sourcecode.c.c; path = xmltok.c; sourceTree = "<group>"; };
		D5A614F51696D9FB005FBF09 /* xmltok.h */ = {isa = PBXFileReference; fileEncoding = 4; lastKnownFileType = sourcecode.c.h; path = xmltok.h; sourceTree = "<group>"; };
		D5A614F61696D9FB005FBF09 /* xmltok_impl.c */ = {isa = PBXFileReference; fileEncoding = 4; lastKnownFileType = sourcecode.c.c; path = xmltok_impl.c; sourceTree = "<group>"; };
		D5A614F71696D9FB005FBF09 /* xmltok_impl.h */ = {isa = PBXFileReference; fileEncoding = 4; lastKnownFileType = sourcecode.c.h; path = xmltok_impl.h; sourceTree = "<group>"; };
		D5A614F81696D9FB005FBF09 /* xmltok_ns.c */ = {isa = PBXFileReference; fileEncoding = 4; lastKnownFileType = sourcecode.c.c; path = xmltok_ns.c; sourceTree = "<group>"; };
		D5A615021696D9FB005FBF09 /* MANIFEST */ = {isa = PBXFileReference; fileEncoding = 4; lastKnownFileType = text; path = MANIFEST; sourceTree = "<group>"; };
		D5A615031696D9FB005FBF09 /* README */ = {isa = PBXFileReference; fileEncoding = 4; lastKnownFileType = text; path = README; sourceTree = "<group>"; };
		D5A6151B1696D9FB005FBF09 /* codepage.c */ = {isa = PBXFileReference; fileEncoding = 4; lastKnownFileType = sourcecode.c.c; path = codepage.c; sourceTree = "<group>"; };
		D5A6151C1696D9FB005FBF09 /* codepage.h */ = {isa = PBXFileReference; fileEncoding = 4; lastKnownFileType = sourcecode.c.h; path = codepage.h; sourceTree = "<group>"; };
		D5A6151D1696D9FB005FBF09 /* ct.c */ = {isa = PBXFileReference; fileEncoding = 4; lastKnownFileType = sourcecode.c.c; path = ct.c; sourceTree = "<group>"; };
		D5A6151E1696D9FB005FBF09 /* filemap.h */ = {isa = PBXFileReference; fileEncoding = 4; lastKnownFileType = sourcecode.c.h; path = filemap.h; sourceTree = "<group>"; };
		D5A6151F1696D9FB005FBF09 /* readfilemap.c */ = {isa = PBXFileReference; fileEncoding = 4; lastKnownFileType = sourcecode.c.c; path = readfilemap.c; sourceTree = "<group>"; };
		D5A615201696D9FB005FBF09 /* unixfilemap.c */ = {isa = PBXFileReference; fileEncoding = 4; lastKnownFileType = sourcecode.c.c; path = unixfilemap.c; sourceTree = "<group>"; };
		D5A615211696D9FB005FBF09 /* win32filemap.c */ = {isa = PBXFileReference; fileEncoding = 4; lastKnownFileType = sourcecode.c.c; path = win32filemap.c; sourceTree = "<group>"; };
		D5A615221696D9FB005FBF09 /* xmlfile.c */ = {isa = PBXFileReference; fileEncoding = 4; lastKnownFileType = sourcecode.c.c; path = xmlfile.c; sourceTree = "<group>"; };
		D5A615231696D9FB005FBF09 /* xmlfile.h */ = {isa = PBXFileReference; fileEncoding = 4; lastKnownFileType = sourcecode.c.h; path = xmlfile.h; sourceTree = "<group>"; };
		D5A615241696D9FB005FBF09 /* xmlmime.c */ = {isa = PBXFileReference; fileEncoding = 4; lastKnownFileType = sourcecode.c.c; path = xmlmime.c; sourceTree = "<group>"; };
		D5A615251696D9FB005FBF09 /* xmlmime.h */ = {isa = PBXFileReference; fileEncoding = 4; lastKnownFileType = sourcecode.c.h; path = xmlmime.h; sourceTree = "<group>"; };
		D5A615261696D9FB005FBF09 /* xmltchar.h */ = {isa = PBXFileReference; fileEncoding = 4; lastKnownFileType = sourcecode.c.h; path = xmltchar.h; sourceTree = "<group>"; };
		D5A615271696D9FB005FBF09 /* xmlurl.h */ = {isa = PBXFileReference; fileEncoding = 4; lastKnownFileType = sourcecode.c.h; path = xmlurl.h; sourceTree = "<group>"; };
		D5A615281696D9FB005FBF09 /* xmlwf.c */ = {isa = PBXFileReference; fileEncoding = 4; lastKnownFileType = sourcecode.c.c; path = xmlwf.c; sourceTree = "<group>"; };
		D5A615291696D9FB005FBF09 /* xmlwf.dsp */ = {isa = PBXFileReference; fileEncoding = 4; lastKnownFileType = text; path = xmlwf.dsp; sourceTree = "<group>"; };
		D5A6152A1696D9FB005FBF09 /* xmlwin32url.cxx */ = {isa = PBXFileReference; fileEncoding = 4; lastKnownFileType = sourcecode.cpp.cpp; path = xmlwin32url.cxx; sourceTree = "<group>"; };
		D5DCCB93165C7E1900C027A4 /* domtest */ = {isa = PBXFileReference; explicitFileType = "compiled.mach-o.executable"; includeInIndex = 0; path = domtest; sourceTree = BUILT_PRODUCTS_DIR; };
		D5DCCB9D165C7E3E00C027A4 /* domtest.c */ = {isa = PBXFileReference; fileEncoding = 4; lastKnownFileType = sourcecode.c.c; name = domtest.c; path = ../../test/domtest.c; sourceTree = "<group>"; };
/* End PBXFileReference section */

/* Begin PBXFrameworksBuildPhase section */
		D507A8981659E6E20015B8B7 /* Frameworks */ = {
			isa = PBXFrameworksBuildPhase;
			buildActionMask = 2147483647;
			files = (
			);
			runOnlyForDeploymentPostprocessing = 0;
		};
		D5A613671696D6D9005FBF09 /* Frameworks */ = {
			isa = PBXFrameworksBuildPhase;
			buildActionMask = 2147483647;
			files = (
				D5A6136D1696D6D9005FBF09 /* Foundation.framework in Frameworks */,
			);
			runOnlyForDeploymentPostprocessing = 0;
		};
		D5DCCB90165C7E1900C027A4 /* Frameworks */ = {
			isa = PBXFrameworksBuildPhase;
			buildActionMask = 2147483647;
			files = (
				D5DCCB9F165C7EA700C027A4 /* libdom4c.a in Frameworks */,
			);
			runOnlyForDeploymentPostprocessing = 0;
		};
/* End PBXFrameworksBuildPhase section */

/* Begin PBXGroup section */
		D507A8901659E6E20015B8B7 = {
			isa = PBXGroup;
			children = (
				D5A614861696D9FB005FBF09 /* expat-2.1.0 */,
				D5DCCB8D165C7DF100C027A4 /* test */,
				D507A8AB1659E8600015B8B7 /* include */,
				D507A8AA1659E83F0015B8B7 /* src */,
				D5A6136E1696D6D9005FBF09 /* dom4c-ios */,
				D5A6136B1696D6D9005FBF09 /* Frameworks */,
				D507A89C1659E6E30015B8B7 /* Products */,
			);
			sourceTree = "<group>";
		};
		D507A89C1659E6E30015B8B7 /* Products */ = {
			isa = PBXGroup;
			children = (
				D507A89B1659E6E30015B8B7 /* libdom4c.a */,
				D5DCCB93165C7E1900C027A4 /* domtest */,
				D5A6136A1696D6D9005FBF09 /* libdom4c-ios.a */,
			);
			name = Products;
			sourceTree = "<group>";
		};
		D507A8AA1659E83F0015B8B7 /* src */ = {
			isa = PBXGroup;
			children = (
				D524D3E2165A09D9007E9572 /* dom4c.c */,
				D507A8AC1659E8700015B8B7 /* stack.c */,
			);
			name = src;
			sourceTree = "<group>";
		};
		D507A8AB1659E8600015B8B7 /* include */ = {
			isa = PBXGroup;
			children = (
				D524D3E5165A09E3007E9572 /* dom4c.h */,
				D507A8AE1659E87A0015B8B7 /* stack.h */,
			);
			name = include;
			sourceTree = "<group>";
		};
		D5A6136B1696D6D9005FBF09 /* Frameworks */ = {
			isa = PBXGroup;
			children = (
				D5A6136C1696D6D9005FBF09 /* Foundation.framework */,
			);
			name = Frameworks;
			sourceTree = "<group>";
		};
		D5A6136E1696D6D9005FBF09 /* dom4c-ios */ = {
			isa = PBXGroup;
			children = (
				D5A613711696D6D9005FBF09 /* dom4c_ios.h */,
				D5A613731696D6D9005FBF09 /* dom4c_ios.m */,
				D5A6136F1696D6D9005FBF09 /* Supporting Files */,
			);
			path = "dom4c-ios";
			sourceTree = "<group>";
		};
		D5A6136F1696D6D9005FBF09 /* Supporting Files */ = {
			isa = PBXGroup;
			children = (
				D5A613701696D6D9005FBF09 /* dom4c-ios-Prefix.pch */,
			);
			name = "Supporting Files";
			sourceTree = "<group>";
		};
		D5A614861696D9FB005FBF09 /* expat-2.1.0 */ = {
			isa = PBXGroup;
			children = (
				D5A614B81696D9FB005FBF09 /* Changes */,
				D5A614B91696D9FB005FBF09 /* CMake.README */,
				D5A614BA1696D9FB005FBF09 /* CMakeLists.txt */,
				D5A614BF1696D9FB005FBF09 /* ConfigureChecks.cmake */,
				D5A614CB1696D9FB005FBF09 /* doc */,
				D5A614DA1696D9FB005FBF09 /* expat_config.h */,
				D5A614DD1696D9FB005FBF09 /* lib */,
				D5A615021696D9FB005FBF09 /* MANIFEST */,
				D5A615031696D9FB005FBF09 /* README */,
				D5A6151A1696D9FB005FBF09 /* xmlwf */,
			);
			name = "expat-2.1.0";
			path = "../../libs/expat-2.1.0";
			sourceTree = "<group>";
		};
		D5A614CB1696D9FB005FBF09 /* doc */ = {
			isa = PBXGroup;
			children = (
				D5A614CC1696D9FB005FBF09 /* expat.png */,
				D5A614CD1696D9FB005FBF09 /* reference.html */,
				D5A614CE1696D9FB005FBF09 /* style.css */,
				D5A614CF1696D9FB005FBF09 /* valid-xhtml10.png */,
				D5A614D01696D9FB005FBF09 /* xmlwf.1 */,
				D5A614D11696D9FB005FBF09 /* xmlwf.sgml */,
			);
			path = doc;
			sourceTree = "<group>";
		};
		D5A614DD1696D9FB005FBF09 /* lib */ = {
			isa = PBXGroup;
			children = (
				D5A614DE1696D9FB005FBF09 /* amigaconfig.h */,
				D5A614DF1696D9FB005FBF09 /* ascii.h */,
				D5A614E01696D9FB005FBF09 /* asciitab.h */,
				D5A614E11696D9FB005FBF09 /* expat.dsp */,
				D5A614E21696D9FB005FBF09 /* expat.h */,
				D5A614E31696D9FB005FBF09 /* expat_external.h */,
				D5A614E41696D9FB005FBF09 /* expat_static.dsp */,
				D5A614E51696D9FB005FBF09 /* expatw.dsp */,
				D5A614E61696D9FB005FBF09 /* expatw_static.dsp */,
				D5A614E71696D9FB005FBF09 /* iasciitab.h */,
				D5A614E81696D9FB005FBF09 /* internal.h */,
				D5A614E91696D9FB005FBF09 /* latin1tab.h */,
				D5A614EA1696D9FB005FBF09 /* libexpat.def */,
				D5A614EB1696D9FB005FBF09 /* libexpatw.def */,
				D5A614EC1696D9FB005FBF09 /* macconfig.h */,
				D5A614ED1696D9FB005FBF09 /* Makefile.MPW */,
				D5A614EE1696D9FB005FBF09 /* nametab.h */,
				D5A614EF1696D9FB005FBF09 /* utf8tab.h */,
				D5A614F01696D9FB005FBF09 /* winconfig.h */,
				D5A614F11696D9FB005FBF09 /* xmlparse.c */,
				D5A614F21696D9FB005FBF09 /* xmlrole.c */,
				D5A614F31696D9FB005FBF09 /* xmlrole.h */,
				D5A614F41696D9FB005FBF09 /* xmltok.c */,
				D5A614F51696D9FB005FBF09 /* xmltok.h */,
				D5A614F61696D9FB005FBF09 /* xmltok_impl.c */,
				D5A614F71696D9FB005FBF09 /* xmltok_impl.h */,
				D5A614F81696D9FB005FBF09 /* xmltok_ns.c */,
			);
			path = lib;
			sourceTree = "<group>";
		};
		D5A6151A1696D9FB005FBF09 /* xmlwf */ = {
			isa = PBXGroup;
			children = (
				D5A6151B1696D9FB005FBF09 /* codepage.c */,
				D5A6151C1696D9FB005FBF09 /* codepage.h */,
				D5A6151D1696D9FB005FBF09 /* ct.c */,
				D5A6151E1696D9FB005FBF09 /* filemap.h */,
				D5A6151F1696D9FB005FBF09 /* readfilemap.c */,
				D5A615201696D9FB005FBF09 /* unixfilemap.c */,
				D5A615211696D9FB005FBF09 /* win32filemap.c */,
				D5A615221696D9FB005FBF09 /* xmlfile.c */,
				D5A615231696D9FB005FBF09 /* xmlfile.h */,
				D5A615241696D9FB005FBF09 /* xmlmime.c */,
				D5A615251696D9FB005FBF09 /* xmlmime.h */,
				D5A615261696D9FB005FBF09 /* xmltchar.h */,
				D5A615271696D9FB005FBF09 /* xmlurl.h */,
				D5A615281696D9FB005FBF09 /* xmlwf.c */,
				D5A615291696D9FB005FBF09 /* xmlwf.dsp */,
				D5A6152A1696D9FB005FBF09 /* xmlwin32url.cxx */,
			);
			path = xmlwf;
			sourceTree = "<group>";
		};
		D5DCCB8D165C7DF100C027A4 /* test */ = {
			isa = PBXGroup;
			children = (
				D5DCCB9D165C7E3E00C027A4 /* domtest.c */,
				D56165F2165D175100EC87A8 /* testdefine.h */,
			);
			name = test;
			sourceTree = "<group>";
		};
/* End PBXGroup section */

/* Begin PBXHeadersBuildPhase section */
		D507A8991659E6E20015B8B7 /* Headers */ = {
			isa = PBXHeadersBuildPhase;
			buildActionMask = 2147483647;
			files = (
				D507A8AF1659E87A0015B8B7 /* stack.h in Headers */,
				D524D3E6165A09E3007E9572 /* dom4c.h in Headers */,
				D5A615411696D9FB005FBF09 /* expat_config.h in Headers */,
				D5A615421696D9FB005FBF09 /* amigaconfig.h in Headers */,
				D5A615431696D9FB005FBF09 /* ascii.h in Headers */,
				D5A615441696D9FB005FBF09 /* asciitab.h in Headers */,
				D5A615451696D9FB005FBF09 /* expat.h in Headers */,
				D5A615461696D9FB005FBF09 /* expat_external.h in Headers */,
				D5A615471696D9FB005FBF09 /* iasciitab.h in Headers */,
				D5A615481696D9FB005FBF09 /* internal.h in Headers */,
				D5A615491696D9FB005FBF09 /* latin1tab.h in Headers */,
				D5A6154A1696D9FB005FBF09 /* macconfig.h in Headers */,
				D5A6154B1696D9FB005FBF09 /* nametab.h in Headers */,
				D5A6154C1696D9FB005FBF09 /* utf8tab.h in Headers */,
				D5A6154D1696D9FB005FBF09 /* winconfig.h in Headers */,
				D5A615501696D9FB005FBF09 /* xmlrole.h in Headers */,
				D5A615521696D9FB005FBF09 /* xmltok.h in Headers */,
				D5A615541696D9FB005FBF09 /* xmltok_impl.h in Headers */,
				D5A615601696D9FB005FBF09 /* codepage.h in Headers */,
				D5A615621696D9FB005FBF09 /* filemap.h in Headers */,
				D5A615671696D9FB005FBF09 /* xmlfile.h in Headers */,
				D5A615691696D9FB005FBF09 /* xmlmime.h in Headers */,
				D5A6156A1696D9FB005FBF09 /* xmltchar.h in Headers */,
				D5A6156B1696D9FB005FBF09 /* xmlurl.h in Headers */,
			);
			runOnlyForDeploymentPostprocessing = 0;
		};
/* End PBXHeadersBuildPhase section */

/* Begin PBXNativeTarget section */
		D507A89A1659E6E20015B8B7 /* dom4c */ = {
			isa = PBXNativeTarget;
			buildConfigurationList = D507A89F1659E6E30015B8B7 /* Build configuration list for PBXNativeTarget "dom4c" */;
			buildPhases = (
				D507A8971659E6E20015B8B7 /* Sources */,
				D507A8981659E6E20015B8B7 /* Frameworks */,
				D507A8991659E6E20015B8B7 /* Headers */,
			);
			buildRules = (
			);
			dependencies = (
			);
			name = dom4c;
			productName = dom4c;
			productReference = D507A89B1659E6E30015B8B7 /* libdom4c.a */;
			productType = "com.apple.product-type.library.static";
		};
		D5A613691696D6D9005FBF09 /* dom4c-ios */ = {
			isa = PBXNativeTarget;
			buildConfigurationList = D5A613751696D6D9005FBF09 /* Build configuration list for PBXNativeTarget "dom4c-ios" */;
			buildPhases = (
				D5A613661696D6D9005FBF09 /* Sources */,
				D5A613671696D6D9005FBF09 /* Frameworks */,
				D5A613681696D6D9005FBF09 /* CopyFiles */,
			);
			buildRules = (
			);
			dependencies = (
			);
			name = "dom4c-ios";
			productName = "dom4c-ios";
			productReference = D5A6136A1696D6D9005FBF09 /* libdom4c-ios.a */;
			productType = "com.apple.product-type.library.static";
		};
		D5DCCB92165C7E1900C027A4 /* domtest */ = {
			isa = PBXNativeTarget;
			buildConfigurationList = D5DCCB9A165C7E1C00C027A4 /* Build configuration list for PBXNativeTarget "domtest" */;
			buildPhases = (
				D5DCCB8F165C7E1900C027A4 /* Sources */,
				D5DCCB90165C7E1900C027A4 /* Frameworks */,
				D5DCCB91165C7E1900C027A4 /* CopyFiles */,
			);
			buildRules = (
			);
			dependencies = (
				D5DCCBA1165C7EAF00C027A4 /* PBXTargetDependency */,
			);
			name = domtest;
			productName = domtest;
			productReference = D5DCCB93165C7E1900C027A4 /* domtest */;
			productType = "com.apple.product-type.tool";
		};
/* End PBXNativeTarget section */

/* Begin PBXProject section */
		D507A8921659E6E20015B8B7 /* Project object */ = {
			isa = PBXProject;
			attributes = {
				LastUpgradeCheck = 0450;
				ORGANIZATIONNAME = vhly;
			};
			buildConfigurationList = D507A8951659E6E20015B8B7 /* Build configuration list for PBXProject "dom4c" */;
			compatibilityVersion = "Xcode 3.2";
			developmentRegion = English;
			hasScannedForEncodings = 0;
			knownRegions = (
				en,
			);
			mainGroup = D507A8901659E6E20015B8B7;
			productRefGroup = D507A89C1659E6E30015B8B7 /* Products */;
			projectDirPath = "";
			projectRoot = "";
			targets = (
				D507A89A1659E6E20015B8B7 /* dom4c */,
				D5DCCB92165C7E1900C027A4 /* domtest */,
				D5A613691696D6D9005FBF09 /* dom4c-ios */,
			);
		};
/* End PBXProject section */

/* Begin PBXSourcesBuildPhase section */
		D507A8971659E6E20015B8B7 /* Sources */ = {
			isa = PBXSourcesBuildPhase;
			buildActionMask = 2147483647;
			files = (
				D507A8AD1659E8700015B8B7 /* stack.c in Sources */,
				D524D3E3165A09D9007E9572 /* dom4c.c in Sources */,
				D5A6154E1696D9FB005FBF09 /* xmlparse.c in Sources */,
				D5A6154F1696D9FB005FBF09 /* xmlrole.c in Sources */,
				D5A615511696D9FB005FBF09 /* xmltok.c in Sources */,
				D5A615531696D9FB005FBF09 /* xmltok_impl.c in Sources */,
				D5A615551696D9FB005FBF09 /* xmltok_ns.c in Sources */,
				D5A6155F1696D9FB005FBF09 /* codepage.c in Sources */,
				D5A615611696D9FB005FBF09 /* ct.c in Sources */,
				D5A615631696D9FB005FBF09 /* readfilemap.c in Sources */,
				D5A615641696D9FB005FBF09 /* unixfilemap.c in Sources */,
				D5A615651696D9FB005FBF09 /* win32filemap.c in Sources */,
				D5A615661696D9FB005FBF09 /* xmlfile.c in Sources */,
				D5A615681696D9FB005FBF09 /* xmlmime.c in Sources */,
				D5A6156C1696D9FB005FBF09 /* xmlwf.c in Sources */,
				D5A6156D1696D9FB005FBF09 /* xmlwin32url.cxx in Sources */,
			);
			runOnlyForDeploymentPostprocessing = 0;
		};
		D5A613661696D6D9005FBF09 /* Sources */ = {
			isa = PBXSourcesBuildPhase;
			buildActionMask = 2147483647;
			files = (
				D5A613741696D6D9005FBF09 /* dom4c_ios.m in Sources */,
			);
			runOnlyForDeploymentPostprocessing = 0;
		};
		D5DCCB8F165C7E1900C027A4 /* Sources */ = {
			isa = PBXSourcesBuildPhase;
			buildActionMask = 2147483647;
			files = (
				D5DCCB9E165C7E3E00C027A4 /* domtest.c in Sources */,
			);
			runOnlyForDeploymentPostprocessing = 0;
		};
/* End PBXSourcesBuildPhase section */

/* Begin PBXTargetDependency section */
		D5DCCBA1165C7EAF00C027A4 /* PBXTargetDependency */ = {
			isa = PBXTargetDependency;
			target = D507A89A1659E6E20015B8B7 /* dom4c */;
			targetProxy = D5DCCBA0165C7EAF00C027A4 /* PBXContainerItemProxy */;
		};
/* End PBXTargetDependency section */

/* Begin XCBuildConfiguration section */
		D507A89D1659E6E30015B8B7 /* Debug */ = {
			isa = XCBuildConfiguration;
			buildSettings = {
				ALWAYS_SEARCH_USER_PATHS = NO;
				ARCHS = "$(ARCHS_STANDARD_64_BIT)";
				CLANG_CXX_LANGUAGE_STANDARD = "gnu++0x";
				CLANG_CXX_LIBRARY = "libc++";
				CLANG_WARN_EMPTY_BODY = YES;
				CLANG_WARN__DUPLICATE_METHOD_MATCH = YES;
				COPY_PHASE_STRIP = NO;
				GCC_C_LANGUAGE_STANDARD = gnu99;
				GCC_DYNAMIC_NO_PIC = NO;
				GCC_ENABLE_OBJC_EXCEPTIONS = YES;
				GCC_OPTIMIZATION_LEVEL = 0;
				GCC_PREPROCESSOR_DEFINITIONS = (
					"DEBUG=1",
					"$(inherited)",
				);
				GCC_SYMBOLS_PRIVATE_EXTERN = NO;
				GCC_WARN_64_TO_32_BIT_CONVERSION = YES;
				GCC_WARN_ABOUT_RETURN_TYPE = YES;
				GCC_WARN_UNINITIALIZED_AUTOS = YES;
				GCC_WARN_UNUSED_VARIABLE = YES;
				MACOSX_DEPLOYMENT_TARGET = 10.7;
				ONLY_ACTIVE_ARCH = YES;
				SDKROOT = macosx;
			};
			name = Debug;
		};
		D507A89E1659E6E30015B8B7 /* Release */ = {
			isa = XCBuildConfiguration;
			buildSettings = {
				ALWAYS_SEARCH_USER_PATHS = NO;
				ARCHS = "$(ARCHS_STANDARD_64_BIT)";
				CLANG_CXX_LANGUAGE_STANDARD = "gnu++0x";
				CLANG_CXX_LIBRARY = "libc++";
				CLANG_WARN_EMPTY_BODY = YES;
				CLANG_WARN__DUPLICATE_METHOD_MATCH = YES;
				COPY_PHASE_STRIP = YES;
				DEBUG_INFORMATION_FORMAT = "dwarf-with-dsym";
				GCC_C_LANGUAGE_STANDARD = gnu99;
				GCC_ENABLE_OBJC_EXCEPTIONS = YES;
				GCC_WARN_64_TO_32_BIT_CONVERSION = YES;
				GCC_WARN_ABOUT_RETURN_TYPE = YES;
				GCC_WARN_UNINITIALIZED_AUTOS = YES;
				GCC_WARN_UNUSED_VARIABLE = YES;
				MACOSX_DEPLOYMENT_TARGET = 10.7;
				SDKROOT = macosx;
			};
			name = Release;
		};
		D507A8A01659E6E30015B8B7 /* Debug */ = {
			isa = XCBuildConfiguration;
			buildSettings = {
				ARCHS = "$(ARCHS_STANDARD_32_64_BIT)";
				EXECUTABLE_PREFIX = lib;
				LIBRARY_SEARCH_PATHS = (
					"$(inherited)",
					"\"$(SRCROOT)/../../libs/expat-2.1.0/.libs\"",
				);
				PRODUCT_NAME = "$(TARGET_NAME)";
			};
			name = Debug;
		};
		D507A8A11659E6E30015B8B7 /* Release */ = {
			isa = XCBuildConfiguration;
			buildSettings = {
				ARCHS = "$(ARCHS_STANDARD_32_64_BIT)";
				EXECUTABLE_PREFIX = lib;
				LIBRARY_SEARCH_PATHS = (
					"$(inherited)",
					"\"$(SRCROOT)/../../libs/expat-2.1.0/.libs\"",
				);
				PRODUCT_NAME = "$(TARGET_NAME)";
			};
			name = Release;
		};
		D5A613761696D6D9005FBF09 /* Debug */ = {
			isa = XCBuildConfiguration;
			buildSettings = {
				DSTROOT = /tmp/dom4c_ios.dst;
				GCC_PRECOMPILE_PREFIX_HEADER = YES;
				GCC_PREFIX_HEADER = "dom4c-ios/dom4c-ios-Prefix.pch";
				IPHONEOS_DEPLOYMENT_TARGET = 6.0;
				OTHER_LDFLAGS = "-ObjC";
				PRODUCT_NAME = "$(TARGET_NAME)";
				SDKROOT = iphoneos;
				SKIP_INSTALL = YES;
			};
			name = Debug;
		};
		D5A613771696D6D9005FBF09 /* Release */ = {
			isa = XCBuildConfiguration;
			buildSettings = {
				DSTROOT = /tmp/dom4c_ios.dst;
				GCC_PRECOMPILE_PREFIX_HEADER = YES;
				GCC_PREFIX_HEADER = "dom4c-ios/dom4c-ios-Prefix.pch";
				IPHONEOS_DEPLOYMENT_TARGET = 6.0;
				OTHER_LDFLAGS = "-ObjC";
				PRODUCT_NAME = "$(TARGET_NAME)";
				SDKROOT = iphoneos;
				SKIP_INSTALL = YES;
				VALIDATE_PRODUCT = YES;
			};
			name = Release;
		};
		D5DCCB9B165C7E1C00C027A4 /* Debug */ = {
			isa = XCBuildConfiguration;
			buildSettings = {
				ARCHS = "$(ARCHS_STANDARD_32_64_BIT)";
				PRODUCT_NAME = "$(TARGET_NAME)";
			};
			name = Debug;
		};
		D5DCCB9C165C7E1C00C027A4 /* Release */ = {
			isa = XCBuildConfiguration;
			buildSettings = {
				ARCHS = "$(ARCHS_STANDARD_32_64_BIT)";
				PRODUCT_NAME = "$(TARGET_NAME)";
			};
			name = Release;
		};
/* End XCBuildConfiguration section */

/* Begin XCConfigurationList section */
		D507A8951659E6E20015B8B7 /* Build configuration list for PBXProject "dom4c" */ = {
			isa = XCConfigurationList;
			buildConfigurations = (
				D507A89D1659E6E30015B8B7 /* Debug */,
				D507A89E1659E6E30015B8B7 /* Release */,
			);
			defaultConfigurationIsVisible = 0;
			defaultConfigurationName = Release;
		};
		D507A89F1659E6E30015B8B7 /* Build configuration list for PBXNativeTarget "dom4c" */ = {
			isa = XCConfigurationList;
			buildConfigurations = (
				D507A8A01659E6E30015B8B7 /* Debug */,
				D507A8A11659E6E30015B8B7 /* Release */,
			);
			defaultConfigurationIsVisible = 0;
			defaultConfigurationName = Release;
		};
		D5A613751696D6D9005FBF09 /* Build configuration list for PBXNativeTarget "dom4c-ios" */ = {
			isa = XCConfigurationList;
			buildConfigurations = (
				D5A613761696D6D9005FBF09 /* Debug */,
				D5A613771696D6D9005FBF09 /* Release */,
			);
			defaultConfigurationIsVisible = 0;
		};
		D5DCCB9A165C7E1C00C027A4 /* Build configuration list for PBXNativeTarget "domtest" */ = {
			isa = XCConfigurationList;
			buildConfigurations = (
				D5DCCB9B165C7E1C00C027A4 /* Debug */,
				D5DCCB9C165C7E1C00C027A4 /* Release */,
			);
			defaultConfigurationIsVisible = 0;
			defaultConfigurationName = Release;
		};
/* End XCConfigurationList section */
	};
	rootObject = D507A8921659E6E20015B8B7 /* Project object */;
}
